
Microsoft Visual Studio Solution File, Format Version 12.00
# Visual Studio 15
VisualStudioVersion = 15.0.27130.2010
MinimumVisualStudioVersion = 10.0.40219.1
Project("{8BC9CEB8-8B4A-11D0-8D11-00A0C91BC942}") = "Server_Analysis_Proj", "Server_Analysis_Proj\Server_Analysis_Proj.vcxproj", "{2EDA193F-ACD0-4E2B-9A0E-7FEE231B577E}"
EndProject
Global
	GlobalSection(SolutionConfigurationPlatforms) = preSolution
		Debug|x64 = Debug|x64
		Debug|x86 = Debug|x86
		Release|x64 = Release|x64
		Release|x86 = Release|x86
	EndGlobalSection
	GlobalSection(ProjectConfigurationPlatforms) = postSolution
		{2EDA193F-ACD0-4E2B-9A0E-7FEE231B577E}.Debug|x64.ActiveCfg = Debug|x64
		{2EDA193F-ACD0-4E2B-9A0E-7FEE231B577E}.Debug|x64.Build.0 = Debug|x64
		{2EDA193F-ACD0-4E2B-9A0E-7FEE231B577E}.Debug|x86.ActiveCfg = Debug|Win32
		{2EDA193F-ACD0-4E2B-9A0E-7FEE231B577E}.Debug|x86.Build.0 = Debug|Win32
		{2EDA193F-ACD0-4E2B-9A0E-7FEE231B577E}.Release|x64.ActiveCfg = Release|x64
		{2EDA193F-ACD0-4E2B-9A0E-7FEE231B577E}.Release|x64.Build.0 = Release|x64
		{2EDA193F-ACD0-4E2B-9A0E-7FEE231B577E}.Release|x86.ActiveCfg = Release|Win32
		{2EDA193F-ACD0-4E2B-9A0E-7FEE231B577E}.Release|x86.Build.0 = Release|Win32
	EndGlobalSection
	GlobalSection(SolutionProperties) = preSolution
		HideSolutionNode = FALSE
	EndGlobalSection
	GlobalSection(ExtensibilityGlobals) = postSolution
		SolutionGuid = {5E679CEC-06CB-4981-8C48-8234E0387C66}
	EndGlobalSection
EndGlobal
